
Microsoft Visual Studio Solution File, Format Version 12.00
# Visual Studio Version 17
VisualStudioVersion = 17.0.32126.317
MinimumVisualStudioVersion = 10.0.40219.1
Project("{FAE04EC0-301F-11D3-BF4B-00C04F79EFBC}") = "ShoheiHirotaMaoriQuizV2", "ShoheiHirotaMaoriQuizV2\ShoheiHirotaMaoriQuizV2.csproj", "{50799974-8A99-42C3-BF1B-B3A0D0ADAE7D}"
EndProject
Global
	GlobalSection(SolutionConfigurationPlatforms) = preSolution
		Debug|Any CPU = Debug|Any CPU
		Release|Any CPU = Release|Any CPU
	EndGlobalSection
	GlobalSection(ProjectConfigurationPlatforms) = postSolution
		{50799974-8A99-42C3-BF1B-B3A0D0ADAE7D}.Debug|Any CPU.ActiveCfg = Debug|Any CPU
		{50799974-8A99-42C3-BF1B-B3A0D0ADAE7D}.Debug|Any CPU.Build.0 = Debug|Any CPU
		{50799974-8A99-42C3-BF1B-B3A0D0ADAE7D}.Release|Any CPU.ActiveCfg = Release|Any CPU
		{50799974-8A99-42C3-BF1B-B3A0D0ADAE7D}.Release|Any CPU.Build.0 = Release|Any CPU
	EndGlobalSection
	GlobalSection(SolutionProperties) = preSolution
		HideSolutionNode = FALSE
	EndGlobalSection
	GlobalSection(ExtensibilityGlobals) = postSolution
		SolutionGuid = {78F2F941-D592-4895-8EA6-E5795BCFB7FB}
	EndGlobalSection
EndGlobal
